// !$*UTF8*$!
{
	archiveVersion = 1;
	classes = {
	};
	objectVersion = 46;
	objects = {

/* Begin PBXBuildFile section */
		BA2BE7251CF6996700F23B08 /* BullsEye.html in Resources */ = {isa = PBXBuildFile; fileRef = BA2BE7241CF6996700F23B08 /* BullsEye.html */; };
		BA8100571CF3ADE700082931 /* AppDelegate.swift in Sources */ = {isa = PBXBuildFile; fileRef = BA8100561CF3ADE700082931 /* AppDelegate.swift */; };
		BA8100591CF3ADE700082931 /* ViewController.swift in Sources */ = {isa = PBXBuildFile; fileRef = BA8100581CF3ADE700082931 /* ViewController.swift */; };
		BA81005C1CF3ADE700082931 /* Main.storyboard in Resources */ = {isa = PBXBuildFile; fileRef = BA81005A1CF3ADE700082931 /* Main.storyboard */; };
		BA81005E1CF3ADE700082931 /* Assets.xcassets in Resources */ = {isa = PBXBuildFile; fileRef = BA81005D1CF3ADE700082931 /* Assets.xcassets */; };
		BA90E53E1CF6AB6D002B3CAF /* Default-568h@2x.png in Resources */ = {isa = PBXBuildFile; fileRef = BA90E53C1CF6AB6D002B3CAF /* Default-568h@2x.png */; };
		BA90E53F1CF6AB6D002B3CAF /* Default@2x.png in Resources */ = {isa = PBXBuildFile; fileRef = BA90E53D1CF6AB6D002B3CAF /* Default@2x.png */; };
		BAF174DB1CF6715A004025AF /* AboutViewController.swift in Sources */ = {isa = PBXBuildFile; fileRef = BAF174DA1CF6715A004025AF /* AboutViewController.swift */; };
/* End PBXBuildFile section */

/* Begin PBXFileReference section */
		BA2BE7241CF6996700F23B08 /* BullsEye.html */ = {isa = PBXFileReference; fileEncoding = 4; lastKnownFileType = text.html; path = BullsEye.html; sourceTree = "<group>"; };
		BA8100531CF3ADE700082931 /* BullsEye.app */ = {isa = PBXFileReference; explicitFileType = wrapper.application; includeInIndex = 0; path = BullsEye.app; sourceTree = BUILT_PRODUCTS_DIR; };
		BA8100561CF3ADE700082931 /* AppDelegate.swift */ = {isa = PBXFileReference; lastKnownFileType = sourcecode.swift; path = AppDelegate.swift; sourceTree = "<group>"; };
		BA8100581CF3ADE700082931 /* ViewController.swift */ = {isa = PBXFileReference; lastKnownFileType = sourcecode.swift; path = ViewController.swift; sourceTree = "<group>"; };
		BA81005B1CF3ADE700082931 /* Base */ = {isa = PBXFileReference; lastKnownFileType = file.storyboard; name = Base; path = Base.lproj/Main.storyboard; sourceTree = "<group>"; };
		BA81005D1CF3ADE700082931 /* Assets.xcassets */ = {isa = PBXFileReference; lastKnownFileType = folder.assetcatalog; path = Assets.xcassets; sourceTree = "<group>"; };
		BA8100621CF3ADE700082931 /* Info.plist */ = {isa = PBXFileReference; lastKnownFileType = text.plist.xml; path = Info.plist; sourceTree = "<group>"; };
		BA90E53C1CF6AB6D002B3CAF /* Default-568h@2x.png */ = {isa = PBXFileReference; lastKnownFileType = image.png; path = "Default-568h@2x.png"; sourceTree = "<group>"; };
		BA90E53D1CF6AB6D002B3CAF /* Default@2x.png */ = {isa = PBXFileReference; lastKnownFileType = image.png; path = "Default@2x.png"; sourceTree = "<group>"; };
		BAF174DA1CF6715A004025AF /* AboutViewController.swift */ = {isa = PBXFileReference; fileEncoding = 4; lastKnownFileType = sourcecode.swift; path = AboutViewController.swift; sourceTree = "<group>"; };
/* End PBXFileReference section */

/* Begin PBXFrameworksBuildPhase section */
		BA8100501CF3ADE700082931 /* Frameworks */ = {
			isa = PBXFrameworksBuildPhase;
			buildActionMask = 2147483647;
			files = (
			);
			runOnlyForDeploymentPostprocessing = 0;
		};
/* End PBXFrameworksBuildPhase section */

/* Begin PBXGroup section */
		BA81004A1CF3ADE700082931 = {
			isa = PBXGroup;
			children = (
				BA8100551CF3ADE700082931 /* BullsEye */,
				BA8100541CF3ADE700082931 /* Products */,
			);
			sourceTree = "<group>";
		};
		BA8100541CF3ADE700082931 /* Products */ = {
			isa = PBXGroup;
			children = (
				BA8100531CF3ADE700082931 /* BullsEye.app */,
			);
			name = Products;
			sourceTree = "<group>";
		};
		BA8100551CF3ADE700082931 /* BullsEye */ = {
			isa = PBXGroup;
			children = (
				BA90E53C1CF6AB6D002B3CAF /* Default-568h@2x.png */,
				BA90E53D1CF6AB6D002B3CAF /* Default@2x.png */,
				BA2BE7241CF6996700F23B08 /* BullsEye.html */,
				BA8100561CF3ADE700082931 /* AppDelegate.swift */,
				BAF174DA1CF6715A004025AF /* AboutViewController.swift */,
				BA8100581CF3ADE700082931 /* ViewController.swift */,
				BA81005A1CF3ADE700082931 /* Main.storyboard */,
				BA81005D1CF3ADE700082931 /* Assets.xcassets */,
				BA8100621CF3ADE700082931 /* Info.plist */,
			);
			path = BullsEye;
			sourceTree = "<group>";
		};
/* End PBXGroup section */

/* Begin PBXNativeTarget section */
		BA8100521CF3ADE700082931 /* BullsEye */ = {
			isa = PBXNativeTarget;
			buildConfigurationList = BA8100651CF3ADE700082931 /* Build configuration list for PBXNativeTarget "BullsEye" */;
			buildPhases = (
				BA81004F1CF3ADE700082931 /* Sources */,
				BA8100501CF3ADE700082931 /* Frameworks */,
				BA8100511CF3ADE700082931 /* Resources */,
			);
			buildRules = (
			);
			dependencies = (
			);
			name = BullsEye;
			productName = BullsEye;
			productReference = BA8100531CF3ADE700082931 /* BullsEye.app */;
			productType = "com.apple.product-type.application";
		};
/* End PBXNativeTarget section */

/* Begin PBXProject section */
		BA81004B1CF3ADE700082931 /* Project object */ = {
			isa = PBXProject;
			attributes = {
				LastSwiftUpdateCheck = 0730;
				LastUpgradeCheck = 0810;
				ORGANIZATIONNAME = "Jordan Harvey-Morgan";
				TargetAttributes = {
					BA8100521CF3ADE700082931 = {
						CreatedOnToolsVersion = 7.3.1;
						DevelopmentTeam = C9L43P9G27;
						LastSwiftMigration = 0810;
					};
				};
			};
			buildConfigurationList = BA81004E1CF3ADE700082931 /* Build configuration list for PBXProject "BullsEye" */;
			compatibilityVersion = "Xcode 3.2";
			developmentRegion = English;
			hasScannedForEncodings = 0;
			knownRegions = (
				en,
				Base,
			);
			mainGroup = BA81004A1CF3ADE700082931;
			productRefGroup = BA8100541CF3ADE700082931 /* Products */;
			projectDirPath = "";
			projectRoot = "";
			targets = (
				BA8100521CF3ADE700082931 /* BullsEye */,
			);
		};
/* End PBXProject section */

/* Begin PBXResourcesBuildPhase section */
		BA8100511CF3ADE700082931 /* Resources */ = {
			isa = PBXResourcesBuildPhase;
			buildActionMask = 2147483647;
			files = (
				BA2BE7251CF6996700F23B08 /* BullsEye.html in Resources */,
				BA90E53E1CF6AB6D002B3CAF /* Default-568h@2x.png in Resources */,
				BA90E53F1CF6AB6D002B3CAF /* Default@2x.png in Resources */,
				BA81005E1CF3ADE700082931 /* Assets.xcassets in Resources */,
				BA81005C1CF3ADE700082931 /* Main.storyboard in Resources */,
			);
			runOnlyForDeploymentPostprocessing = 0;
		};
/* End PBXResourcesBuildPhase section */

/* Begin PBXSourcesBuildPhase section */
		BA81004F1CF3ADE700082931 /* Sources */ = {
			isa = PBXSourcesBuildPhase;
			buildActionMask = 2147483647;
			files = (
				BAF174DB1CF6715A004025AF /* AboutViewController.swift in Sources */,
				BA8100591CF3ADE700082931 /* ViewController.swift in Sources */,
				BA8100571CF3ADE700082931 /* AppDelegate.swift in Sources */,
			);
			runOnlyForDeploymentPostprocessing = 0;
		};
/* End PBXSourcesBuildPhase section */

/* Begin PBXVariantGroup section */
		BA81005A1CF3ADE700082931 /* Main.storyboard */ = {
			isa = PBXVariantGroup;
			children = (
				BA81005B1CF3ADE700082931 /* Base */,
			);
			name = Main.storyboard;
			sourceTree = "<group>";
		};
/* End PBXVariantGroup section */

/* Begin XCBuildConfiguration section */
		BA8100631CF3ADE700082931 /* Debug */ = {
			isa = XCBuildConfiguration;
			buildSettings = {
				ALWAYS_SEARCH_USER_PATHS = NO;
				CLANG_ANALYZER_NONNULL = YES;
				CLANG_CXX_LANGUAGE_STANDARD = "gnu++0x";
				CLANG_CXX_LIBRARY = "libc++";
				CLANG_ENABLE_MODULES = YES;
				CLANG_ENABLE_OBJC_ARC = YES;
				CLANG_WARN_BOOL_CONVERSION = YES;
				CLANG_WARN_CONSTANT_CONVERSION = YES;
				CLANG_WARN_DIRECT_OBJC_ISA_USAGE = YES_ERROR;
				CLANG_WARN_EMPTY_BODY = YES;
				CLANG_WARN_ENUM_CONVERSION = YES;
				CLANG_WARN_INFINITE_RECURSION = YES;
				CLANG_WARN_INT_CONVERSION = YES;
				CLANG_WARN_OBJC_ROOT_CLASS = YES_ERROR;
				CLANG_WARN_SUSPICIOUS_MOVE = YES;
				CLANG_WARN_UNREACHABLE_CODE = YES;
				CLANG_WARN__DUPLICATE_METHOD_MATCH = YES;
				"CODE_SIGN_IDENTITY[sdk=iphoneos*]" = "iPhone Developer";
				COPY_PHASE_STRIP = NO;
				DEBUG_INFORMATION_FORMAT = dwarf;
				ENABLE_STRICT_OBJC_MSGSEND = YES;
				ENABLE_TESTABILITY = YES;
				GCC_C_LANGUAGE_STANDARD = gnu99;
				GCC_DYNAMIC_NO_PIC = NO;
				GCC_NO_COMMON_BLOCKS = YES;
				GCC_OPTIMIZATION_LEVEL = 0;
				GCC_PREPROCESSOR_DEFINITIONS = (
					"DEBUG=1",
					"$(inherited)",
				);
				GCC_WARN_64_TO_32_BIT_CONVERSION = YES;
				GCC_WARN_ABOUT_RETURN_TYPE = YES_ERROR;
				GCC_WARN_UNDECLARED_SELECTOR = YES;
				GCC_WARN_UNINITIALIZED_AUTOS = YES_AGGRESSIVE;
				GCC_WARN_UNUSED_FUNCTION = YES;
				GCC_WARN_UNUSED_VARIABLE = YES;
				IPHONEOS_DEPLOYMENT_TARGET = 9.3;
				MTL_ENABLE_DEBUG_INFO = YES;
				ONLY_ACTIVE_ARCH = YES;
				SDKROOT = iphoneos;
				SWIFT_OPTIMIZATION_LEVEL = "-Onone";
				TARGETED_DEVICE_FAMILY = "1,2";
			};
			name = Debug;
		};
		BA8100641CF3ADE700082931 /* Release */ = {
			isa = XCBuildConfiguration;
			buildSettings = {
				ALWAYS_SEARCH_USER_PATHS = NO;
				CLANG_ANALYZER_NONNULL = YES;
				CLANG_CXX_LANGUAGE_STANDARD = "gnu++0x";
				CLANG_CXX_LIBRARY = "libc++";
				CLANG_ENABLE_MODULES = YES;
				CLANG_ENABLE_OBJC_ARC = YES;
				CLANG_WARN_BOOL_CONVERSION = YES;
				CLANG_WARN_CONSTANT_CONVERSION = YES;
				CLANG_WARN_DIRECT_OBJC_ISA_USAGE = YES_ERROR;
				CLANG_WARN_EMPTY_BODY = YES;
				CLANG_WARN_ENUM_CONVERSION = YES;
				CLANG_WARN_INFINITE_RECURSION = YES;
				CLANG_WARN_INT_CONVERSION = YES;
				CLANG_WARN_OBJC_ROOT_CLASS = YES_ERROR;
				CLANG_WARN_SUSPICIOUS_MOVE = YES;
				CLANG_WARN_UNREACHABLE_CODE = YES;
				CLANG_WARN__DUPLICATE_METHOD_MATCH = YES;
				"CODE_SIGN_IDENTITY[sdk=iphoneos*]" = "iPhone Developer";
				COPY_PHASE_STRIP = NO;
				DEBUG_INFORMATION_FORMAT = "dwarf-with-dsym";
				ENABLE_NS_ASSERTIONS = NO;
				ENABLE_STRICT_OBJC_MSGSEND = YES;
				GCC_C_LANGUAGE_STANDARD = gnu99;
				GCC_NO_COMMON_BLOCKS = YES;
				GCC_WARN_64_TO_32_BIT_CONVERSION = YES;
				GCC_WARN_ABOUT_RETURN_TYPE = YES_ERROR;
				GCC_WARN_UNDECLARED_SELECTOR = YES;
				GCC_WARN_UNINITIALIZED_AUTOS = YES_AGGRESSIVE;
				GCC_WARN_UNUSED_FUNCTION = YES;
				GCC_WARN_UNUSED_VARIABLE = YES;
				IPHONEOS_DEPLOYMENT_TARGET = 9.3;
				MTL_ENABLE_DEBUG_INFO = NO;
				SDKROOT = iphoneos;
				SWIFT_OPTIMIZATION_LEVEL = "-Owholemodule";
				TARGETED_DEVICE_FAMILY = "1,2";
				VALIDATE_PRODUCT = YES;
			};
			name = Release;
		};
		BA8100661CF3ADE700082931 /* Debug */ = {
			isa = XCBuildConfiguration;
			buildSettings = {
				ASSETCATALOG_COMPILER_APPICON_NAME = AppIcon;
				CODE_SIGN_IDENTITY = "iPhone Developer";
				INFOPLIST_FILE = BullsEye/Info.plist;
				LD_RUNPATH_SEARCH_PATHS = "$(inherited) @executable_path/Frameworks";
				PRODUCT_BUNDLE_IDENTIFIER = com.jharveymorgan.BullsEye;
				PRODUCT_NAME = "$(TARGET_NAME)";
				PROVISIONING_PROFILE = "";
				SWIFT_VERSION = 3.0;
				TARGETED_DEVICE_FAMILY = 1;
			};
			name = Debug;
		};
		BA8100671CF3ADE700082931 /* Release */ = {
			isa = XCBuildConfiguration;
			buildSettings = {
				ASSETCATALOG_COMPILER_APPICON_NAME = AppIcon;
				CODE_SIGN_IDENTITY = "iPhone Developer";
				INFOPLIST_FILE = BullsEye/Info.plist;
				LD_RUNPATH_SEARCH_PATHS = "$(inherited) @executable_path/Frameworks";
				PRODUCT_BUNDLE_IDENTIFIER = com.jharveymorgan.BullsEye;
				PRODUCT_NAME = "$(TARGET_NAME)";
				PROVISIONING_PROFILE = "";
				SWIFT_VERSION = 3.0;
				TARGETED_DEVICE_FAMILY = 1;
			};
			name = Release;
		};
/* End XCBuildConfiguration section */

/* Begin XCConfigurationList section */
		BA81004E1CF3ADE700082931 /* Build configuration list for PBXProject "BullsEye" */ = {
			isa = XCConfigurationList;
			buildConfigurations = (
				BA8100631CF3ADE700082931 /* Debug */,
				BA8100641CF3ADE700082931 /* Release */,
			);
			defaultConfigurationIsVisible = 0;
			defaultConfigurationName = Release;
		};
		BA8100651CF3ADE700082931 /* Build configuration list for PBXNativeTarget "BullsEye" */ = {
			isa = XCConfigurationList;
			buildConfigurations = (
				BA8100661CF3ADE700082931 /* Debug */,
				BA8100671CF3ADE700082931 /* Release */,
			);
			defaultConfigurationIsVisible = 0;
			defaultConfigurationName = Release;
		};
/* End XCConfigurationList section */
	};
	rootObject = BA81004B1CF3ADE700082931 /* Project object */;
}
